Microsoft Visual Studio Solution File, Format Version 12.00
# Visual Studio Version 17
VisualStudioVersion = 17.5.2.0
MinimumVisualStudioVersion = 10.0.40219.1
Project("{FAE04EC0-301F-11D3-BF4B-00C04F79EFBC}") = "Attendo.Api", "Attendo.Api.csproj", "{CDAEE682-140D-12EB-1597-B75037C624D3}"
EndProject
Project("{2150E333-8FDC-42A3-9474-1A3956D46DE8}") = "src", "src", "{827E0CD3-B72D-47B6-A68D-7590B98EB39B}"
EndProject
Project("{2150E333-8FDC-42A3-9474-1A3956D46DE8}") = "Core", "Core", "{8D626EA8-CB54-BC41-363A-217881BEBA6E}"
EndProject
Project("{FAE04EC0-301F-11D3-BF4B-00C04F79EFBC}") = "Atendo.Application", "src\Core\Atendo.Application\Atendo.Application.csproj", "{189D5F3E-6600-E0DC-AE36-5A6F2C75C8C1}"
EndProject
Project("{FAE04EC0-301F-11D3-BF4B-00C04F79EFBC}") = "Atendo.Domain", "src\Core\Attendo.Domain\Atendo.Domain.csproj", "{36A58BA4-1E83-26C2-0C91-16854CD124ED}"
EndProject
Project("{2150E333-8FDC-42A3-9474-1A3956D46DE8}") = "Infrastructure", "Infrastructure", "{9048EB7F-3875-A59E-E36B-5BD4C6F2A282}"
EndProject
Project("{FAE04EC0-301F-11D3-BF4B-00C04F79EFBC}") = "Atendo.Infrastructure", "src\Infrastructure\Atendo.Infrastructure\Atendo.Infrastructure.csproj", "{5D73C57C-FC71-CD61-E186-42B7A40B3DF9}"
EndProject
Project("{FAE04EC0-301F-11D3-BF4B-00C04F79EFBC}") = "Atendo.Persistence", "src\Infrastructure\Atendo.Persistence\Atendo.Persistence.csproj", "{366CE3F9-D3D0-667D-7125-5A842F84B7ED}"
EndProject
Project("{2150E333-8FDC-42A3-9474-1A3956D46DE8}") = "Presentation", "Presentation", "{6996BBF7-DB31-59BC-C7DD-9A7CCC6138C4}"
EndProject
Project("{FAE04EC0-301F-11D3-BF4B-00C04F79EFBC}") = "Atendo.WebAPI", "src\Presentation\Atendo.WebAPI\Atendo.WebAPI.csproj", "{71C921D2-8ACE-83B8-9917-928B278A07C1}"
EndProject
Project("{2150E333-8FDC-42A3-9474-1A3956D46DE8}") = "Shared", "Shared", "{C8E42992-5E42-0C2B-DBFE-AA848D06431C}"
EndProject
Project("{FAE04EC0-301F-11D3-BF4B-00C04F79EFBC}") = "Atendo.Shared", "src\Shared\Atendo.Shared\Atendo.Shared.csproj", "{227CA40D-9836-83B6-4499-B1FB9F3E85B9}"
EndProject
Global
	GlobalSection(SolutionConfigurationPlatforms) = preSolution
		Debug|Any CPU = Debug|Any CPU
		Release|Any CPU = Release|Any CPU
	EndGlobalSection
	GlobalSection(ProjectConfigurationPlatforms) = postSolution
		{CDAEE682-140D-12EB-1597-B75037C624D3}.Debug|Any CPU.ActiveCfg = Debug|Any CPU
		{CDAEE682-140D-12EB-1597-B75037C624D3}.Debug|Any CPU.Build.0 = Debug|Any CPU
		{CDAEE682-140D-12EB-1597-B75037C624D3}.Release|Any CPU.ActiveCfg = Release|Any CPU
		{CDAEE682-140D-12EB-1597-B75037C624D3}.Release|Any CPU.Build.0 = Release|Any CPU
		{189D5F3E-6600-E0DC-AE36-5A6F2C75C8C1}.Debug|Any CPU.ActiveCfg = Debug|Any CPU
		{189D5F3E-6600-E0DC-AE36-5A6F2C75C8C1}.Debug|Any CPU.Build.0 = Debug|Any CPU
		{189D5F3E-6600-E0DC-AE36-5A6F2C75C8C1}.Release|Any CPU.ActiveCfg = Release|Any CPU
		{189D5F3E-6600-E0DC-AE36-5A6F2C75C8C1}.Release|Any CPU.Build.0 = Release|Any CPU
		{36A58BA4-1E83-26C2-0C91-16854CD124ED}.Debug|Any CPU.ActiveCfg = Debug|Any CPU
		{36A58BA4-1E83-26C2-0C91-16854CD124ED}.Debug|Any CPU.Build.0 = Debug|Any CPU
		{36A58BA4-1E83-26C2-0C91-16854CD124ED}.Release|Any CPU.ActiveCfg = Release|Any CPU
		{36A58BA4-1E83-26C2-0C91-16854CD124ED}.Release|Any CPU.Build.0 = Release|Any CPU
		{5D73C57C-FC71-CD61-E186-42B7A40B3DF9}.Debug|Any CPU.ActiveCfg = Debug|Any CPU
		{5D73C57C-FC71-CD61-E186-42B7A40B3DF9}.Debug|Any CPU.Build.0 = Debug|Any CPU
		{5D73C57C-FC71-CD61-E186-42B7A40B3DF9}.Release|Any CPU.ActiveCfg = Release|Any CPU
		{5D73C57C-FC71-CD61-E186-42B7A40B3DF9}.Release|Any CPU.Build.0 = Release|Any CPU
		{366CE3F9-D3D0-667D-7125-5A842F84B7ED}.Debug|Any CPU.ActiveCfg = Debug|Any CPU
		{366CE3F9-D3D0-667D-7125-5A842F84B7ED}.Debug|Any CPU.Build.0 = Debug|Any CPU
		{366CE3F9-D3D0-667D-7125-5A842F84B7ED}.Release|Any CPU.ActiveCfg = Release|Any CPU
		{366CE3F9-D3D0-667D-7125-5A842F84B7ED}.Release|Any CPU.Build.0 = Release|Any CPU
		{71C921D2-8ACE-83B8-9917-928B278A07C1}.Debug|Any CPU.ActiveCfg = Debug|Any CPU
		{71C921D2-8ACE-83B8-9917-928B278A07C1}.Debug|Any CPU.Build.0 = Debug|Any CPU
		{71C921D2-8ACE-83B8-9917-928B278A07C1}.Release|Any CPU.ActiveCfg = Release|Any CPU
		{71C921D2-8ACE-83B8-9917-928B278A07C1}.Release|Any CPU.Build.0 = Release|Any CPU
		{227CA40D-9836-83B6-4499-B1FB9F3E85B9}.Debug|Any CPU.ActiveCfg = Debug|Any CPU
		{227CA40D-9836-83B6-4499-B1FB9F3E85B9}.Debug|Any CPU.Build.0 = Debug|Any CPU
		{227CA40D-9836-83B6-4499-B1FB9F3E85B9}.Release|Any CPU.ActiveCfg = Release|Any CPU
		{227CA40D-9836-83B6-4499-B1FB9F3E85B9}.Release|Any CPU.Build.0 = Release|Any CPU
	EndGlobalSection
	GlobalSection(SolutionProperties) = preSolution
		HideSolutionNode = FALSE
	EndGlobalSection
	GlobalSection(NestedProjects) = preSolution
		{8D626EA8-CB54-BC41-363A-217881BEBA6E} = {827E0CD3-B72D-47B6-A68D-7590B98EB39B}
		{189D5F3E-6600-E0DC-AE36-5A6F2C75C8C1} = {8D626EA8-CB54-BC41-363A-217881BEBA6E}
		{36A58BA4-1E83-26C2-0C91-16854CD124ED} = {8D626EA8-CB54-BC41-363A-217881BEBA6E}
		{9048EB7F-3875-A59E-E36B-5BD4C6F2A282} = {827E0CD3-B72D-47B6-A68D-7590B98EB39B}
		{5D73C57C-FC71-CD61-E186-42B7A40B3DF9} = {9048EB7F-3875-A59E-E36B-5BD4C6F2A282}
		{366CE3F9-D3D0-667D-7125-5A842F84B7ED} = {9048EB7F-3875-A59E-E36B-5BD4C6F2A282}
		{6996BBF7-DB31-59BC-C7DD-9A7CCC6138C4} = {827E0CD3-B72D-47B6-A68D-7590B98EB39B}
		{71C921D2-8ACE-83B8-9917-928B278A07C1} = {6996BBF7-DB31-59BC-C7DD-9A7CCC6138C4}
		{C8E42992-5E42-0C2B-DBFE-AA848D06431C} = {827E0CD3-B72D-47B6-A68D-7590B98EB39B}
		{227CA40D-9836-83B6-4499-B1FB9F3E85B9} = {C8E42992-5E42-0C2B-DBFE-AA848D06431C}
	EndGlobalSection
	GlobalSection(ExtensibilityGlobals) = postSolution
		SolutionGuid = {6FFAA043-89E6-491C-ACC6-031E49310E4D}
	EndGlobalSection
EndGlobal
